{
  "version": 4,
  "terraform_version": "1.9.7",
  "serial": 59,
  "lineage": "0ff2740c-cc76-caa6-602f-a97498abe343",
  "outputs": {
    "workspace_url": {
      "value": "adb-1432515922386854.14.azuredatabricks.net",
      "type": "string"
    }
  },
  "resources": [
    {
      "mode": "data",
      "type": "azurerm_client_config",
      "name": "current",
      "provider": "provider[\"registry.terraform.io/hashicorp/azurerm\"]",
      "instances": [
        {
          "schema_version": 0,
          "attributes": {
            "client_id": "b0a56793-c042-4f0b-a12a-5de8fc638b08",
            "id": "Y2xpZW50Q29uZmlncy9jbGllbnRJZD1iMGE1Njc5My1jMDQyLTRmMGItYTEyYS01ZGU4ZmM2MzhiMDg7b2JqZWN0SWQ9NjIwNWY1MjAtYmI4MS00ZGNlLTg2NTgtMjcxOGU4N2U3ZGQ5O3N1YnNjcmlwdGlvbklkPWY1ZGI4ZDEyLWViY2UtNGU3ZC1iNjJjLTZlMTQ5YzYyNzQ5Yjt0ZW5hbnRJZD04MTgzNTcyNi02ZTllLTQ3NzAtOGJiNi02YzI5MmYyZmVmM2Q=",
            "object_id": "6205f520-bb81-4dce-8658-2718e87e7dd9",
            "subscription_id": "f5db8d12-ebce-4e7d-b62c-6e149c62749b",
            "tenant_id": "81835726-6e9e-4770-8bb6-6c292f2fef3d",
            "timeouts": null
          },
          "sensitive_attributes": []
        }
      ]
    },
    {
      "mode": "managed",
      "type": "azurerm_resource_group",
      "name": "this",
      "provider": "provider[\"registry.terraform.io/hashicorp/azurerm\"]",
      "instances": [
        {
          "schema_version": 0,
          "attributes": {
            "id": "/subscriptions/f5db8d12-ebce-4e7d-b62c-6e149c62749b/resourceGroups/data-analytics-portfolio-project-rg",
            "location": "australiaeast",
            "managed_by": "",
            "name": "data-analytics-portfolio-project-rg",
            "tags": {},
            "timeouts": null
          },
          "sensitive_attributes": [],
          "private": "eyJlMmJmYjczMC1lY2FhLTExZTYtOGY4OC0zNDM2M2JjN2M0YzAiOnsiY3JlYXRlIjo1NDAwMDAwMDAwMDAwLCJkZWxldGUiOjU0MDAwMDAwMDAwMDAsInJlYWQiOjMwMDAwMDAwMDAwMCwidXBkYXRlIjo1NDAwMDAwMDAwMDAwfX0="
        }
      ]
    },
    {
      "module": "module.databricks",
      "mode": "managed",
      "type": "azurerm_databricks_workspace",
      "name": "databricks_ws",
      "provider": "provider[\"registry.terraform.io/hashicorp/azurerm\"]",
      "instances": [
        {
          "schema_version": 0,
          "attributes": {
            "access_connector_id": null,
            "custom_parameters": [
              {
                "machine_learning_workspace_id": "",
                "nat_gateway_name": "nat-gateway",
                "no_public_ip": true,
                "private_subnet_name": "",
                "private_subnet_network_security_group_association_id": "",
                "public_ip_name": "nat-gw-public-ip",
                "public_subnet_name": "",
                "public_subnet_network_security_group_association_id": "",
                "storage_account_name": "dbstoragebc6nmjg2rdqqi",
                "storage_account_sku_name": "Standard_GRS",
                "virtual_network_id": "",
                "vnet_address_prefix": "10.139"
              }
            ],
            "customer_managed_key_enabled": false,
            "default_storage_firewall_enabled": null,
            "disk_encryption_set_id": "",
            "id": "/subscriptions/f5db8d12-ebce-4e7d-b62c-6e149c62749b/resourceGroups/data-analytics-portfolio-project-rg/providers/Microsoft.Databricks/workspaces/databricks_ws",
            "infrastructure_encryption_enabled": false,
            "load_balancer_backend_address_pool_id": "",
            "location": "australiaeast",
            "managed_disk_cmk_key_vault_id": "",
            "managed_disk_cmk_key_vault_key_id": "",
            "managed_disk_cmk_rotation_to_latest_version_enabled": false,
            "managed_disk_identity": [],
            "managed_resource_group_id": "/subscriptions/f5db8d12-ebce-4e7d-b62c-6e149c62749b/resourceGroups/data-analytics-portfolio-project-rg-databricks-managed-rg",
            "managed_resource_group_name": "data-analytics-portfolio-project-rg-databricks-managed-rg",
            "managed_services_cmk_key_vault_id": "",
            "managed_services_cmk_key_vault_key_id": "",
            "name": "databricks_ws",
            "network_security_group_rules_required": null,
            "public_network_access_enabled": true,
            "resource_group_name": "data-analytics-portfolio-project-rg",
            "sku": "premium",
            "storage_account_identity": [],
            "tags": {},
            "timeouts": null,
            "workspace_id": "1432515922386854",
            "workspace_url": "adb-1432515922386854.14.azuredatabricks.net"
          },
          "sensitive_attributes": [],
          "private": "eyJlMmJmYjczMC1lY2FhLTExZTYtOGY4OC0zNDM2M2JjN2M0YzAiOnsiY3JlYXRlIjoxODAwMDAwMDAwMDAwLCJkZWxldGUiOjE4MDAwMDAwMDAwMDAsInJlYWQiOjMwMDAwMDAwMDAwMCwidXBkYXRlIjoxODAwMDAwMDAwMDAwfX0=",
          "dependencies": [
            "azurerm_resource_group.this"
          ]
        }
      ]
    },
    {
      "module": "module.lakehouse",
      "mode": "managed",
      "type": "azurerm_storage_account",
      "name": "lakehouse",
      "provider": "provider[\"registry.terraform.io/hashicorp/azurerm\"]",
      "instances": [
        {
          "schema_version": 4,
          "attributes": {
            "access_tier": "Hot",
            "account_kind": "StorageV2",
            "account_replication_type": "LRS",
            "account_tier": "Standard",
            "allow_nested_items_to_be_public": true,
            "allowed_copy_scope": "",
            "azure_files_authentication": [],
            "blob_properties": [
              {
                "change_feed_enabled": false,
                "change_feed_retention_in_days": 0,
                "container_delete_retention_policy": [],
                "cors_rule": [],
                "default_service_version": "",
                "delete_retention_policy": [],
                "last_access_time_enabled": false,
                "restore_policy": [],
                "versioning_enabled": false
              }
            ],
            "cross_tenant_replication_enabled": false,
            "custom_domain": [],
            "customer_managed_key": [],
            "default_to_oauth_authentication": false,
            "dns_endpoint_type": "Standard",
            "edge_zone": "",
            "https_traffic_only_enabled": true,
            "id": "/subscriptions/f5db8d12-ebce-4e7d-b62c-6e149c62749b/resourceGroups/data-analytics-portfolio-project-rg/providers/Microsoft.Storage/storageAccounts/lakehouse7storage77700",
            "identity": [],
            "immutability_policy": [],
            "infrastructure_encryption_enabled": false,
            "is_hns_enabled": true,
            "large_file_share_enabled": false,
            "local_user_enabled": true,
            "location": "australiaeast",
            "min_tls_version": "TLS1_2",
            "name": "lakehouse7storage77700",
            "network_rules": [],
            "nfsv3_enabled": false,
            "primary_access_key": "4xLnc/7d4VRLzXvNqXdIy9b5NM0Lcwwqjfd0Hbaz5/wZvA0AP9WmG+E4TisiR3tQnhk3RTcepEha+AStWO6DTg==",
            "primary_blob_connection_string": "DefaultEndpointsProtocol=https;BlobEndpoint=https://lakehouse7storage77700.blob.core.windows.net/;AccountName=lakehouse7storage77700;AccountKey=4xLnc/7d4VRLzXvNqXdIy9b5NM0Lcwwqjfd0Hbaz5/wZvA0AP9WmG+E4TisiR3tQnhk3RTcepEha+AStWO6DTg==",
            "primary_blob_endpoint": "https://lakehouse7storage77700.blob.core.windows.net/",
            "primary_blob_host": "lakehouse7storage77700.blob.core.windows.net",
            "primary_blob_internet_endpoint": "",
            "primary_blob_internet_host": "",
            "primary_blob_microsoft_endpoint": "",
            "primary_blob_microsoft_host": "",
            "primary_connection_string": "DefaultEndpointsProtocol=https;AccountName=lakehouse7storage77700;AccountKey=4xLnc/7d4VRLzXvNqXdIy9b5NM0Lcwwqjfd0Hbaz5/wZvA0AP9WmG+E4TisiR3tQnhk3RTcepEha+AStWO6DTg==;EndpointSuffix=core.windows.net",
            "primary_dfs_endpoint": "https://lakehouse7storage77700.dfs.core.windows.net/",
            "primary_dfs_host": "lakehouse7storage77700.dfs.core.windows.net",
            "primary_dfs_internet_endpoint": "",
            "primary_dfs_internet_host": "",
            "primary_dfs_microsoft_endpoint": "",
            "primary_dfs_microsoft_host": "",
            "primary_file_endpoint": "https://lakehouse7storage77700.file.core.windows.net/",
            "primary_file_host": "lakehouse7storage77700.file.core.windows.net",
            "primary_file_internet_endpoint": "",
            "primary_file_internet_host": "",
            "primary_file_microsoft_endpoint": "",
            "primary_file_microsoft_host": "",
            "primary_location": "australiaeast",
            "primary_queue_endpoint": "https://lakehouse7storage77700.queue.core.windows.net/",
            "primary_queue_host": "lakehouse7storage77700.queue.core.windows.net",
            "primary_queue_microsoft_endpoint": "",
            "primary_queue_microsoft_host": "",
            "primary_table_endpoint": "https://lakehouse7storage77700.table.core.windows.net/",
            "primary_table_host": "lakehouse7storage77700.table.core.windows.net",
            "primary_table_microsoft_endpoint": "",
            "primary_table_microsoft_host": "",
            "primary_web_endpoint": "https://lakehouse7storage77700.z8.web.core.windows.net/",
            "primary_web_host": "lakehouse7storage77700.z8.web.core.windows.net",
            "primary_web_internet_endpoint": "",
            "primary_web_internet_host": "",
            "primary_web_microsoft_endpoint": "",
            "primary_web_microsoft_host": "",
            "public_network_access_enabled": true,
            "queue_encryption_key_type": "Service",
            "queue_properties": [
              {
                "cors_rule": [],
                "hour_metrics": [
                  {
                    "enabled": true,
                    "include_apis": true,
                    "retention_policy_days": 7,
                    "version": "1.0"
                  }
                ],
                "logging": [
                  {
                    "delete": false,
                    "read": false,
                    "retention_policy_days": 0,
                    "version": "1.0",
                    "write": false
                  }
                ],
                "minute_metrics": [
                  {
                    "enabled": false,
                    "include_apis": false,
                    "retention_policy_days": 0,
                    "version": "1.0"
                  }
                ]
              }
            ],
            "resource_group_name": "data-analytics-portfolio-project-rg",
            "routing": [],
            "sas_policy": [],
            "secondary_access_key": "u3Ya8CsDSeVs0qsGgstGfbLC2bhr1Vf4PTNFitsZcWeRcg31FBSKKlZxhOy/qt1+DeFOGI9anJmx+AStnjnnAA==",
            "secondary_blob_connection_string": "",
            "secondary_blob_endpoint": "",
            "secondary_blob_host": "",
            "secondary_blob_internet_endpoint": "",
            "secondary_blob_internet_host": "",
            "secondary_blob_microsoft_endpoint": "",
            "secondary_blob_microsoft_host": "",
            "secondary_connection_string": "DefaultEndpointsProtocol=https;AccountName=lakehouse7storage77700;AccountKey=u3Ya8CsDSeVs0qsGgstGfbLC2bhr1Vf4PTNFitsZcWeRcg31FBSKKlZxhOy/qt1+DeFOGI9anJmx+AStnjnnAA==;EndpointSuffix=core.windows.net",
            "secondary_dfs_endpoint": "",
            "secondary_dfs_host": "",
            "secondary_dfs_internet_endpoint": "",
            "secondary_dfs_internet_host": "",
            "secondary_dfs_microsoft_endpoint": "",
            "secondary_dfs_microsoft_host": "",
            "secondary_file_endpoint": "",
            "secondary_file_host": "",
            "secondary_file_internet_endpoint": "",
            "secondary_file_internet_host": "",
            "secondary_file_microsoft_endpoint": "",
            "secondary_file_microsoft_host": "",
            "secondary_location": "",
            "secondary_queue_endpoint": "",
            "secondary_queue_host": "",
            "secondary_queue_microsoft_endpoint": "",
            "secondary_queue_microsoft_host": "",
            "secondary_table_endpoint": "",
            "secondary_table_host": "",
            "secondary_table_microsoft_endpoint": "",
            "secondary_table_microsoft_host": "",
            "secondary_web_endpoint": "",
            "secondary_web_host": "",
            "secondary_web_internet_endpoint": "",
            "secondary_web_internet_host": "",
            "secondary_web_microsoft_endpoint": "",
            "secondary_web_microsoft_host": "",
            "sftp_enabled": false,
            "share_properties": [
              {
                "cors_rule": [],
                "retention_policy": [
                  {
                    "days": 7
                  }
                ],
                "smb": []
              }
            ],
            "shared_access_key_enabled": true,
            "static_website": [],
            "table_encryption_key_type": "Service",
            "tags": {},
            "timeouts": null
          },
          "sensitive_attributes": [
            [
              {
                "type": "get_attr",
                "value": "primary_access_key"
              }
            ],
            [
              {
                "type": "get_attr",
                "value": "secondary_blob_connection_string"
              }
            ],
            [
              {
                "type": "get_attr",
                "value": "secondary_connection_string"
              }
            ],
            [
              {
                "type": "get_attr",
                "value": "secondary_access_key"
              }
            ],
            [
              {
                "type": "get_attr",
                "value": "primary_connection_string"
              }
            ],
            [
              {
                "type": "get_attr",
                "value": "primary_blob_connection_string"
              }
            ]
          ],
          "private": "eyJlMmJmYjczMC1lY2FhLTExZTYtOGY4OC0zNDM2M2JjN2M0YzAiOnsiY3JlYXRlIjozNjAwMDAwMDAwMDAwLCJkZWxldGUiOjM2MDAwMDAwMDAwMDAsInJlYWQiOjMwMDAwMDAwMDAwMCwidXBkYXRlIjozNjAwMDAwMDAwMDAwfSwic2NoZW1hX3ZlcnNpb24iOiI0In0=",
          "dependencies": [
            "azurerm_resource_group.this"
          ]
        }
      ]
    },
    {
      "module": "module.lakehouse",
      "mode": "managed",
      "type": "azurerm_storage_container",
      "name": "bronze",
      "provider": "provider[\"registry.terraform.io/hashicorp/azurerm\"]",
      "instances": [
        {
          "schema_version": 1,
          "attributes": {
            "container_access_type": "private",
            "default_encryption_scope": "$account-encryption-key",
            "encryption_scope_override_enabled": true,
            "has_immutability_policy": false,
            "has_legal_hold": false,
            "id": "https://lakehouse7storage77700.blob.core.windows.net/bronze",
            "metadata": {},
            "name": "bronze",
            "resource_manager_id": "/subscriptions/f5db8d12-ebce-4e7d-b62c-6e149c62749b/resourceGroups/data-analytics-portfolio-project-rg/providers/Microsoft.Storage/storageAccounts/lakehouse7storage77700/blobServices/default/containers/bronze",
            "storage_account_name": "lakehouse7storage77700",
            "timeouts": null
          },
          "sensitive_attributes": [],
          "private": "eyJlMmJmYjczMC1lY2FhLTExZTYtOGY4OC0zNDM2M2JjN2M0YzAiOnsiY3JlYXRlIjoxODAwMDAwMDAwMDAwLCJkZWxldGUiOjE4MDAwMDAwMDAwMDAsInJlYWQiOjMwMDAwMDAwMDAwMCwidXBkYXRlIjoxODAwMDAwMDAwMDAwfSwic2NoZW1hX3ZlcnNpb24iOiIxIn0=",
          "dependencies": [
            "azurerm_resource_group.this",
            "module.lakehouse.azurerm_storage_account.lakehouse"
          ]
        }
      ]
    },
    {
      "module": "module.lakehouse",
      "mode": "managed",
      "type": "azurerm_storage_container",
      "name": "gold",
      "provider": "provider[\"registry.terraform.io/hashicorp/azurerm\"]",
      "instances": [
        {
          "schema_version": 1,
          "attributes": {
            "container_access_type": "private",
            "default_encryption_scope": "$account-encryption-key",
            "encryption_scope_override_enabled": true,
            "has_immutability_policy": false,
            "has_legal_hold": false,
            "id": "https://lakehouse7storage77700.blob.core.windows.net/gold",
            "metadata": {},
            "name": "gold",
            "resource_manager_id": "/subscriptions/f5db8d12-ebce-4e7d-b62c-6e149c62749b/resourceGroups/data-analytics-portfolio-project-rg/providers/Microsoft.Storage/storageAccounts/lakehouse7storage77700/blobServices/default/containers/gold",
            "storage_account_name": "lakehouse7storage77700",
            "timeouts": null
          },
          "sensitive_attributes": [],
          "private": "eyJlMmJmYjczMC1lY2FhLTExZTYtOGY4OC0zNDM2M2JjN2M0YzAiOnsiY3JlYXRlIjoxODAwMDAwMDAwMDAwLCJkZWxldGUiOjE4MDAwMDAwMDAwMDAsInJlYWQiOjMwMDAwMDAwMDAwMCwidXBkYXRlIjoxODAwMDAwMDAwMDAwfSwic2NoZW1hX3ZlcnNpb24iOiIxIn0=",
          "dependencies": [
            "azurerm_resource_group.this",
            "module.lakehouse.azurerm_storage_account.lakehouse"
          ]
        }
      ]
    },
    {
      "module": "module.lakehouse",
      "mode": "managed",
      "type": "azurerm_storage_container",
      "name": "landing",
      "provider": "provider[\"registry.terraform.io/hashicorp/azurerm\"]",
      "instances": [
        {
          "schema_version": 1,
          "attributes": {
            "container_access_type": "private",
            "default_encryption_scope": "$account-encryption-key",
            "encryption_scope_override_enabled": true,
            "has_immutability_policy": false,
            "has_legal_hold": false,
            "id": "https://lakehouse7storage77700.blob.core.windows.net/landing",
            "metadata": {},
            "name": "landing",
            "resource_manager_id": "/subscriptions/f5db8d12-ebce-4e7d-b62c-6e149c62749b/resourceGroups/data-analytics-portfolio-project-rg/providers/Microsoft.Storage/storageAccounts/lakehouse7storage77700/blobServices/default/containers/landing",
            "storage_account_name": "lakehouse7storage77700",
            "timeouts": null
          },
          "sensitive_attributes": [],
          "private": "eyJlMmJmYjczMC1lY2FhLTExZTYtOGY4OC0zNDM2M2JjN2M0YzAiOnsiY3JlYXRlIjoxODAwMDAwMDAwMDAwLCJkZWxldGUiOjE4MDAwMDAwMDAwMDAsInJlYWQiOjMwMDAwMDAwMDAwMCwidXBkYXRlIjoxODAwMDAwMDAwMDAwfSwic2NoZW1hX3ZlcnNpb24iOiIxIn0=",
          "dependencies": [
            "azurerm_resource_group.this",
            "module.lakehouse.azurerm_storage_account.lakehouse"
          ]
        }
      ]
    },
    {
      "module": "module.lakehouse",
      "mode": "managed",
      "type": "azurerm_storage_container",
      "name": "silver",
      "provider": "provider[\"registry.terraform.io/hashicorp/azurerm\"]",
      "instances": [
        {
          "schema_version": 1,
          "attributes": {
            "container_access_type": "private",
            "default_encryption_scope": "$account-encryption-key",
            "encryption_scope_override_enabled": true,
            "has_immutability_policy": false,
            "has_legal_hold": false,
            "id": "https://lakehouse7storage77700.blob.core.windows.net/silver",
            "metadata": {},
            "name": "silver",
            "resource_manager_id": "/subscriptions/f5db8d12-ebce-4e7d-b62c-6e149c62749b/resourceGroups/data-analytics-portfolio-project-rg/providers/Microsoft.Storage/storageAccounts/lakehouse7storage77700/blobServices/default/containers/silver",
            "storage_account_name": "lakehouse7storage77700",
            "timeouts": null
          },
          "sensitive_attributes": [],
          "private": "eyJlMmJmYjczMC1lY2FhLTExZTYtOGY4OC0zNDM2M2JjN2M0YzAiOnsiY3JlYXRlIjoxODAwMDAwMDAwMDAwLCJkZWxldGUiOjE4MDAwMDAwMDAwMDAsInJlYWQiOjMwMDAwMDAwMDAwMCwidXBkYXRlIjoxODAwMDAwMDAwMDAwfSwic2NoZW1hX3ZlcnNpb24iOiIxIn0=",
          "dependencies": [
            "azurerm_resource_group.this",
            "module.lakehouse.azurerm_storage_account.lakehouse"
          ]
        }
      ]
    }
  ],
  "check_results": null
}
