{
  "version": 4,
  "terraform_version": "1.9.7",
  "serial": 69,
  "lineage": "7b6801f1-5d4b-5399-b5cc-3fa4a59aa761",
  "outputs": {},
  "resources": [
    {
      "mode": "data",
      "type": "azurerm_client_config",
      "name": "current",
      "provider": "provider[\"registry.terraform.io/hashicorp/azurerm\"]",
      "instances": [
        {
          "schema_version": 0,
          "attributes": {
            "client_id": "04b07795-8ddb-461a-bbee-02f9e1bf7b46",
            "id": "Y2xpZW50Q29uZmlncy9jbGllbnRJZD0wNGIwNzc5NS04ZGRiLTQ2MWEtYmJlZS0wMmY5ZTFiZjdiNDY7b2JqZWN0SWQ9YjU3YzUzODQtNGRjNi00MzkxLTllZDMtNGYzY2I1Yzc2OGMxO3N1YnNjcmlwdGlvbklkPWY1ZGI4ZDEyLWViY2UtNGU3ZC1iNjJjLTZlMTQ5YzYyNzQ5Yjt0ZW5hbnRJZD04MTgzNTcyNi02ZTllLTQ3NzAtOGJiNi02YzI5MmYyZmVmM2Q=",
            "object_id": "b57c5384-4dc6-4391-9ed3-4f3cb5c768c1",
            "subscription_id": "f5db8d12-ebce-4e7d-b62c-6e149c62749b",
            "tenant_id": "81835726-6e9e-4770-8bb6-6c292f2fef3d",
            "timeouts": null
          },
          "sensitive_attributes": []
        }
      ]
    },
    {
      "module": "module.adb-lakehouse",
      "mode": "data",
      "type": "azurerm_client_config",
      "name": "current",
      "provider": "provider[\"registry.terraform.io/hashicorp/azurerm\"]",
      "instances": [
        {
          "schema_version": 0,
          "attributes": {
            "client_id": "04b07795-8ddb-461a-bbee-02f9e1bf7b46",
            "id": "Y2xpZW50Q29uZmlncy9jbGllbnRJZD0wNGIwNzc5NS04ZGRiLTQ2MWEtYmJlZS0wMmY5ZTFiZjdiNDY7b2JqZWN0SWQ9YjU3YzUzODQtNGRjNi00MzkxLTllZDMtNGYzY2I1Yzc2OGMxO3N1YnNjcmlwdGlvbklkPWY1ZGI4ZDEyLWViY2UtNGU3ZC1iNjJjLTZlMTQ5YzYyNzQ5Yjt0ZW5hbnRJZD04MTgzNTcyNi02ZTllLTQ3NzAtOGJiNi02YzI5MmYyZmVmM2Q=",
            "object_id": "b57c5384-4dc6-4391-9ed3-4f3cb5c768c1",
            "subscription_id": "f5db8d12-ebce-4e7d-b62c-6e149c62749b",
            "tenant_id": "81835726-6e9e-4770-8bb6-6c292f2fef3d",
            "timeouts": null
          },
          "sensitive_attributes": []
        }
      ]
    },
    {
      "module": "module.adb-lakehouse",
      "mode": "data",
      "type": "azurerm_resource_group",
      "name": "this",
      "provider": "provider[\"registry.terraform.io/hashicorp/azurerm\"]",
      "instances": [
        {
          "schema_version": 0,
          "attributes": {
            "id": "/subscriptions/f5db8d12-ebce-4e7d-b62c-6e149c62749b/resourceGroups/adb-lakehouse-rg",
            "location": "australiasoutheast",
            "managed_by": "",
            "name": "adb-lakehouse-rg",
            "tags": {
              "project name": "data project"
            },
            "timeouts": null
          },
          "sensitive_attributes": []
        }
      ]
    },
    {
      "module": "module.adb-lakehouse",
      "mode": "managed",
      "type": "azurerm_data_factory",
      "name": "adf",
      "provider": "provider[\"registry.terraform.io/hashicorp/azurerm\"]",
      "instances": [
        {
          "schema_version": 2,
          "attributes": {
            "customer_managed_key_id": "",
            "customer_managed_key_identity_id": "",
            "github_configuration": [],
            "global_parameter": [],
            "id": "/subscriptions/f5db8d12-ebce-4e7d-b62c-6e149c62749b/resourceGroups/adb-lakehouse-rg/providers/Microsoft.DataFactory/factories/data-project-adf-instance",
            "identity": [],
            "location": "australiasoutheast",
            "managed_virtual_network_enabled": false,
            "name": "data-project-adf-instance",
            "public_network_enabled": true,
            "purview_id": "",
            "resource_group_name": "adb-lakehouse-rg",
            "tags": {
              "project name": "data project"
            },
            "timeouts": null,
            "vsts_configuration": []
          },
          "sensitive_attributes": [],
          "private": "eyJlMmJmYjczMC1lY2FhLTExZTYtOGY4OC0zNDM2M2JjN2M0YzAiOnsiY3JlYXRlIjoxODAwMDAwMDAwMDAwLCJkZWxldGUiOjE4MDAwMDAwMDAwMDAsInJlYWQiOjMwMDAwMDAwMDAwMCwidXBkYXRlIjoxODAwMDAwMDAwMDAwfSwic2NoZW1hX3ZlcnNpb24iOiIyIn0=",
          "dependencies": [
            "module.adb-lakehouse-uc-metastore.azurerm_databricks_access_connector.access_connector",
            "module.adb-lakehouse-uc-metastore.azurerm_resource_group.metastore_resource_group",
            "module.adb-lakehouse-uc-metastore.azurerm_role_assignment.unity_catalog",
            "module.adb-lakehouse-uc-metastore.azurerm_storage_account.unity_catalog",
            "module.adb-lakehouse-uc-metastore.azurerm_storage_container.unity_catalog",
            "module.adb-lakehouse-uc-metastore.databricks_metastore.databricks-metastore",
            "module.adb-lakehouse-uc-metastore.databricks_metastore_data_access.access-connector-data-access",
            "module.adb-lakehouse.data.azurerm_resource_group.this"
          ]
        }
      ]
    },
    {
      "module": "module.adb-lakehouse",
      "mode": "managed",
      "type": "azurerm_databricks_workspace",
      "name": "this",
      "provider": "provider[\"registry.terraform.io/hashicorp/azurerm\"]",
      "instances": [
        {
          "schema_version": 0,
          "attributes": {
            "access_connector_id": null,
            "custom_parameters": [
              {
                "machine_learning_workspace_id": "",
                "nat_gateway_name": "",
                "no_public_ip": true,
                "private_subnet_name": "private-subnet-databricks-ws",
                "private_subnet_network_security_group_association_id": "/subscriptions/f5db8d12-ebce-4e7d-b62c-6e149c62749b/resourceGroups/adb-lakehouse-rg/providers/Microsoft.Network/virtualNetworks/VNET-data-analytics-portfolio-project-dev/subnets/private-subnet-databricks-ws",
                "public_ip_name": "nat-gw-public-ip",
                "public_subnet_name": "public-subnet-databricks-ws",
                "public_subnet_network_security_group_association_id": "/subscriptions/f5db8d12-ebce-4e7d-b62c-6e149c62749b/resourceGroups/adb-lakehouse-rg/providers/Microsoft.Network/virtualNetworks/VNET-data-analytics-portfolio-project-dev/subnets/public-subnet-databricks-ws",
                "storage_account_name": "dbstorage5srkzm7pzozpg",
                "storage_account_sku_name": "Standard_GRS",
                "virtual_network_id": "/subscriptions/f5db8d12-ebce-4e7d-b62c-6e149c62749b/resourceGroups/adb-lakehouse-rg/providers/Microsoft.Network/virtualNetworks/VNET-data-analytics-portfolio-project-dev",
                "vnet_address_prefix": "10.139"
              }
            ],
            "customer_managed_key_enabled": false,
            "default_storage_firewall_enabled": null,
            "disk_encryption_set_id": "",
            "id": "/subscriptions/f5db8d12-ebce-4e7d-b62c-6e149c62749b/resourceGroups/adb-lakehouse-rg/providers/Microsoft.Databricks/workspaces/databricks-ws",
            "infrastructure_encryption_enabled": false,
            "load_balancer_backend_address_pool_id": "",
            "location": "australiasoutheast",
            "managed_disk_cmk_key_vault_id": "",
            "managed_disk_cmk_key_vault_key_id": "",
            "managed_disk_cmk_rotation_to_latest_version_enabled": false,
            "managed_disk_identity": [],
            "managed_resource_group_id": "/subscriptions/f5db8d12-ebce-4e7d-b62c-6e149c62749b/resourceGroups/databricks-ws-managed-rg",
            "managed_resource_group_name": "databricks-ws-managed-rg",
            "managed_services_cmk_key_vault_id": "",
            "managed_services_cmk_key_vault_key_id": "",
            "name": "databricks-ws",
            "network_security_group_rules_required": null,
            "public_network_access_enabled": true,
            "resource_group_name": "adb-lakehouse-rg",
            "sku": "premium",
            "storage_account_identity": [],
            "tags": {
              "project name": "data project"
            },
            "timeouts": null,
            "workspace_id": "3472069705030425",
            "workspace_url": "adb-3472069705030425.5.azuredatabricks.net"
          },
          "sensitive_attributes": [],
          "private": "eyJlMmJmYjczMC1lY2FhLTExZTYtOGY4OC0zNDM2M2JjN2M0YzAiOnsiY3JlYXRlIjoxODAwMDAwMDAwMDAwLCJkZWxldGUiOjE4MDAwMDAwMDAwMDAsInJlYWQiOjMwMDAwMDAwMDAwMCwidXBkYXRlIjoxODAwMDAwMDAwMDAwfX0=",
          "dependencies": [
            "module.adb-lakehouse-uc-metastore.azurerm_databricks_access_connector.access_connector",
            "module.adb-lakehouse-uc-metastore.azurerm_resource_group.metastore_resource_group",
            "module.adb-lakehouse-uc-metastore.azurerm_role_assignment.unity_catalog",
            "module.adb-lakehouse-uc-metastore.azurerm_storage_account.unity_catalog",
            "module.adb-lakehouse-uc-metastore.azurerm_storage_container.unity_catalog",
            "module.adb-lakehouse-uc-metastore.databricks_metastore.databricks-metastore",
            "module.adb-lakehouse-uc-metastore.databricks_metastore_data_access.access-connector-data-access",
            "module.adb-lakehouse.azurerm_network_security_group.this",
            "module.adb-lakehouse.azurerm_subnet.private",
            "module.adb-lakehouse.azurerm_subnet.public",
            "module.adb-lakehouse.azurerm_subnet_network_security_group_association.private",
            "module.adb-lakehouse.azurerm_subnet_network_security_group_association.public",
            "module.adb-lakehouse.azurerm_virtual_network.this",
            "module.adb-lakehouse.data.azurerm_resource_group.this"
          ]
        }
      ]
    },
    {
      "module": "module.adb-lakehouse",
      "mode": "managed",
      "type": "azurerm_key_vault",
      "name": "example",
      "provider": "provider[\"registry.terraform.io/hashicorp/azurerm\"]",
      "instances": [
        {
          "schema_version": 2,
          "attributes": {
            "access_policy": [],
            "contact": [],
            "enable_rbac_authorization": false,
            "enabled_for_deployment": false,
            "enabled_for_disk_encryption": true,
            "enabled_for_template_deployment": false,
            "id": "/subscriptions/f5db8d12-ebce-4e7d-b62c-6e149c62749b/resourceGroups/adb-lakehouse-rg/providers/Microsoft.KeyVault/vaults/data-project-kv",
            "location": "australiasoutheast",
            "name": "data-project-kv",
            "network_acls": [
              {
                "bypass": "AzureServices",
                "default_action": "Allow",
                "ip_rules": [],
                "virtual_network_subnet_ids": []
              }
            ],
            "public_network_access_enabled": true,
            "purge_protection_enabled": false,
            "resource_group_name": "adb-lakehouse-rg",
            "sku_name": "standard",
            "soft_delete_retention_days": 7,
            "tags": {
              "project name": "data project"
            },
            "tenant_id": "81835726-6e9e-4770-8bb6-6c292f2fef3d",
            "timeouts": null,
            "vault_uri": "https://data-project-kv.vault.azure.net/"
          },
          "sensitive_attributes": [],
          "private": "eyJlMmJmYjczMC1lY2FhLTExZTYtOGY4OC0zNDM2M2JjN2M0YzAiOnsiY3JlYXRlIjoxODAwMDAwMDAwMDAwLCJkZWxldGUiOjE4MDAwMDAwMDAwMDAsInJlYWQiOjMwMDAwMDAwMDAwMCwidXBkYXRlIjoxODAwMDAwMDAwMDAwfSwic2NoZW1hX3ZlcnNpb24iOiIyIn0=",
          "dependencies": [
            "module.adb-lakehouse-uc-metastore.azurerm_databricks_access_connector.access_connector",
            "module.adb-lakehouse-uc-metastore.azurerm_resource_group.metastore_resource_group",
            "module.adb-lakehouse-uc-metastore.azurerm_role_assignment.unity_catalog",
            "module.adb-lakehouse-uc-metastore.azurerm_storage_account.unity_catalog",
            "module.adb-lakehouse-uc-metastore.azurerm_storage_container.unity_catalog",
            "module.adb-lakehouse-uc-metastore.databricks_metastore.databricks-metastore",
            "module.adb-lakehouse-uc-metastore.databricks_metastore_data_access.access-connector-data-access",
            "module.adb-lakehouse.data.azurerm_client_config.current",
            "module.adb-lakehouse.data.azurerm_resource_group.this"
          ]
        }
      ]
    },
    {
      "module": "module.adb-lakehouse",
      "mode": "managed",
      "type": "azurerm_network_security_group",
      "name": "this",
      "provider": "provider[\"registry.terraform.io/hashicorp/azurerm\"]",
      "instances": [
        {
          "schema_version": 0,
          "attributes": {
            "id": "/subscriptions/f5db8d12-ebce-4e7d-b62c-6e149c62749b/resourceGroups/adb-lakehouse-rg/providers/Microsoft.Network/networkSecurityGroups/databricks-nsg-data-analytics-portfolio-project-dev",
            "location": "australiasoutheast",
            "name": "databricks-nsg-data-analytics-portfolio-project-dev",
            "resource_group_name": "adb-lakehouse-rg",
            "security_rule": [],
            "tags": {
              "project name": "data project"
            },
            "timeouts": null
          },
          "sensitive_attributes": [],
          "private": "eyJlMmJmYjczMC1lY2FhLTExZTYtOGY4OC0zNDM2M2JjN2M0YzAiOnsiY3JlYXRlIjoxODAwMDAwMDAwMDAwLCJkZWxldGUiOjE4MDAwMDAwMDAwMDAsInJlYWQiOjMwMDAwMDAwMDAwMCwidXBkYXRlIjoxODAwMDAwMDAwMDAwfX0=",
          "dependencies": [
            "module.adb-lakehouse-uc-metastore.azurerm_databricks_access_connector.access_connector",
            "module.adb-lakehouse-uc-metastore.azurerm_resource_group.metastore_resource_group",
            "module.adb-lakehouse-uc-metastore.azurerm_role_assignment.unity_catalog",
            "module.adb-lakehouse-uc-metastore.azurerm_storage_account.unity_catalog",
            "module.adb-lakehouse-uc-metastore.azurerm_storage_container.unity_catalog",
            "module.adb-lakehouse-uc-metastore.databricks_metastore.databricks-metastore",
            "module.adb-lakehouse-uc-metastore.databricks_metastore_data_access.access-connector-data-access",
            "module.adb-lakehouse.data.azurerm_resource_group.this"
          ]
        }
      ]
    },
    {
      "module": "module.adb-lakehouse",
      "mode": "managed",
      "type": "azurerm_resource_group",
      "name": "this",
      "provider": "provider[\"registry.terraform.io/hashicorp/azurerm\"]",
      "instances": [
        {
          "schema_version": 0,
          "attributes": {
            "id": "/subscriptions/f5db8d12-ebce-4e7d-b62c-6e149c62749b/resourceGroups/adb-lakehouse-rg",
            "location": "australiasoutheast",
            "managed_by": "",
            "name": "adb-lakehouse-rg",
            "tags": {
              "project name": "data project"
            },
            "timeouts": null
          },
          "sensitive_attributes": [],
          "private": "eyJlMmJmYjczMC1lY2FhLTExZTYtOGY4OC0zNDM2M2JjN2M0YzAiOnsiY3JlYXRlIjo1NDAwMDAwMDAwMDAwLCJkZWxldGUiOjU0MDAwMDAwMDAwMDAsInJlYWQiOjMwMDAwMDAwMDAwMCwidXBkYXRlIjo1NDAwMDAwMDAwMDAwfX0=",
          "dependencies": [
            "module.adb-lakehouse-uc-metastore.azurerm_databricks_access_connector.access_connector",
            "module.adb-lakehouse-uc-metastore.azurerm_resource_group.metastore_resource_group",
            "module.adb-lakehouse-uc-metastore.azurerm_role_assignment.unity_catalog",
            "module.adb-lakehouse-uc-metastore.azurerm_storage_account.unity_catalog",
            "module.adb-lakehouse-uc-metastore.azurerm_storage_container.unity_catalog",
            "module.adb-lakehouse-uc-metastore.databricks_metastore.databricks-metastore",
            "module.adb-lakehouse-uc-metastore.databricks_metastore_data_access.access-connector-data-access"
          ]
        }
      ]
    },
    {
      "module": "module.adb-lakehouse",
      "mode": "managed",
      "type": "azurerm_route_table",
      "name": "this",
      "provider": "provider[\"registry.terraform.io/hashicorp/azurerm\"]",
      "instances": [
        {
          "schema_version": 0,
          "attributes": {
            "bgp_route_propagation_enabled": true,
            "id": "/subscriptions/f5db8d12-ebce-4e7d-b62c-6e149c62749b/resourceGroups/adb-lakehouse-rg/providers/Microsoft.Network/routeTables/route-table-data-analytics-portfolio-project-dev",
            "location": "australiasoutheast",
            "name": "route-table-data-analytics-portfolio-project-dev",
            "resource_group_name": "adb-lakehouse-rg",
            "route": [],
            "subnets": [],
            "tags": {
              "project name": "data project"
            },
            "timeouts": null
          },
          "sensitive_attributes": [],
          "private": "eyJlMmJmYjczMC1lY2FhLTExZTYtOGY4OC0zNDM2M2JjN2M0YzAiOnsiY3JlYXRlIjoxODAwMDAwMDAwMDAwLCJkZWxldGUiOjE4MDAwMDAwMDAwMDAsInJlYWQiOjMwMDAwMDAwMDAwMCwidXBkYXRlIjoxODAwMDAwMDAwMDAwfX0=",
          "dependencies": [
            "module.adb-lakehouse-uc-metastore.azurerm_databricks_access_connector.access_connector",
            "module.adb-lakehouse-uc-metastore.azurerm_resource_group.metastore_resource_group",
            "module.adb-lakehouse-uc-metastore.azurerm_role_assignment.unity_catalog",
            "module.adb-lakehouse-uc-metastore.azurerm_storage_account.unity_catalog",
            "module.adb-lakehouse-uc-metastore.azurerm_storage_container.unity_catalog",
            "module.adb-lakehouse-uc-metastore.databricks_metastore.databricks-metastore",
            "module.adb-lakehouse-uc-metastore.databricks_metastore_data_access.access-connector-data-access",
            "module.adb-lakehouse.data.azurerm_resource_group.this"
          ]
        }
      ]
    },
    {
      "module": "module.adb-lakehouse",
      "mode": "managed",
      "type": "azurerm_subnet",
      "name": "private",
      "provider": "provider[\"registry.terraform.io/hashicorp/azurerm\"]",
      "instances": [
        {
          "schema_version": 0,
          "attributes": {
            "address_prefixes": [
              "10.26.1.128/25"
            ],
            "default_outbound_access_enabled": true,
            "delegation": [
              {
                "name": "databricks-private-subnet-delegation",
                "service_delegation": [
                  {
                    "actions": [
                      "Microsoft.Network/virtualNetworks/subnets/join/action",
                      "Microsoft.Network/virtualNetworks/subnets/prepareNetworkPolicies/action",
                      "Microsoft.Network/virtualNetworks/subnets/unprepareNetworkPolicies/action"
                    ],
                    "name": "Microsoft.Databricks/workspaces"
                  }
                ]
              }
            ],
            "id": "/subscriptions/f5db8d12-ebce-4e7d-b62c-6e149c62749b/resourceGroups/adb-lakehouse-rg/providers/Microsoft.Network/virtualNetworks/VNET-data-analytics-portfolio-project-dev/subnets/private-subnet-databricks-ws",
            "name": "private-subnet-databricks-ws",
            "private_endpoint_network_policies": "Disabled",
            "private_link_service_network_policies_enabled": true,
            "resource_group_name": "adb-lakehouse-rg",
            "service_endpoint_policy_ids": null,
            "service_endpoints": null,
            "timeouts": null,
            "virtual_network_name": "VNET-data-analytics-portfolio-project-dev"
          },
          "sensitive_attributes": [],
          "private": "eyJlMmJmYjczMC1lY2FhLTExZTYtOGY4OC0zNDM2M2JjN2M0YzAiOnsiY3JlYXRlIjoxODAwMDAwMDAwMDAwLCJkZWxldGUiOjE4MDAwMDAwMDAwMDAsInJlYWQiOjMwMDAwMDAwMDAwMCwidXBkYXRlIjoxODAwMDAwMDAwMDAwfX0=",
          "dependencies": [
            "module.adb-lakehouse-uc-metastore.azurerm_databricks_access_connector.access_connector",
            "module.adb-lakehouse-uc-metastore.azurerm_resource_group.metastore_resource_group",
            "module.adb-lakehouse-uc-metastore.azurerm_role_assignment.unity_catalog",
            "module.adb-lakehouse-uc-metastore.azurerm_storage_account.unity_catalog",
            "module.adb-lakehouse-uc-metastore.azurerm_storage_container.unity_catalog",
            "module.adb-lakehouse-uc-metastore.databricks_metastore.databricks-metastore",
            "module.adb-lakehouse-uc-metastore.databricks_metastore_data_access.access-connector-data-access",
            "module.adb-lakehouse.azurerm_virtual_network.this",
            "module.adb-lakehouse.data.azurerm_resource_group.this"
          ]
        }
      ]
    },
    {
      "module": "module.adb-lakehouse",
      "mode": "managed",
      "type": "azurerm_subnet",
      "name": "public",
      "provider": "provider[\"registry.terraform.io/hashicorp/azurerm\"]",
      "instances": [
        {
          "schema_version": 0,
          "attributes": {
            "address_prefixes": [
              "10.26.1.0/25"
            ],
            "default_outbound_access_enabled": true,
            "delegation": [
              {
                "name": "databricks-public-subnet-delegation",
                "service_delegation": [
                  {
                    "actions": [
                      "Microsoft.Network/virtualNetworks/subnets/join/action",
                      "Microsoft.Network/virtualNetworks/subnets/prepareNetworkPolicies/action",
                      "Microsoft.Network/virtualNetworks/subnets/unprepareNetworkPolicies/action"
                    ],
                    "name": "Microsoft.Databricks/workspaces"
                  }
                ]
              }
            ],
            "id": "/subscriptions/f5db8d12-ebce-4e7d-b62c-6e149c62749b/resourceGroups/adb-lakehouse-rg/providers/Microsoft.Network/virtualNetworks/VNET-data-analytics-portfolio-project-dev/subnets/public-subnet-databricks-ws",
            "name": "public-subnet-databricks-ws",
            "private_endpoint_network_policies": "Disabled",
            "private_link_service_network_policies_enabled": true,
            "resource_group_name": "adb-lakehouse-rg",
            "service_endpoint_policy_ids": null,
            "service_endpoints": null,
            "timeouts": null,
            "virtual_network_name": "VNET-data-analytics-portfolio-project-dev"
          },
          "sensitive_attributes": [],
          "private": "eyJlMmJmYjczMC1lY2FhLTExZTYtOGY4OC0zNDM2M2JjN2M0YzAiOnsiY3JlYXRlIjoxODAwMDAwMDAwMDAwLCJkZWxldGUiOjE4MDAwMDAwMDAwMDAsInJlYWQiOjMwMDAwMDAwMDAwMCwidXBkYXRlIjoxODAwMDAwMDAwMDAwfX0=",
          "dependencies": [
            "module.adb-lakehouse-uc-metastore.azurerm_databricks_access_connector.access_connector",
            "module.adb-lakehouse-uc-metastore.azurerm_resource_group.metastore_resource_group",
            "module.adb-lakehouse-uc-metastore.azurerm_role_assignment.unity_catalog",
            "module.adb-lakehouse-uc-metastore.azurerm_storage_account.unity_catalog",
            "module.adb-lakehouse-uc-metastore.azurerm_storage_container.unity_catalog",
            "module.adb-lakehouse-uc-metastore.databricks_metastore.databricks-metastore",
            "module.adb-lakehouse-uc-metastore.databricks_metastore_data_access.access-connector-data-access",
            "module.adb-lakehouse.azurerm_virtual_network.this",
            "module.adb-lakehouse.data.azurerm_resource_group.this"
          ]
        }
      ]
    },
    {
      "module": "module.adb-lakehouse",
      "mode": "managed",
      "type": "azurerm_subnet_network_security_group_association",
      "name": "private",
      "provider": "provider[\"registry.terraform.io/hashicorp/azurerm\"]",
      "instances": [
        {
          "schema_version": 0,
          "attributes": {
            "id": "/subscriptions/f5db8d12-ebce-4e7d-b62c-6e149c62749b/resourceGroups/adb-lakehouse-rg/providers/Microsoft.Network/virtualNetworks/VNET-data-analytics-portfolio-project-dev/subnets/private-subnet-databricks-ws",
            "network_security_group_id": "/subscriptions/f5db8d12-ebce-4e7d-b62c-6e149c62749b/resourceGroups/adb-lakehouse-rg/providers/Microsoft.Network/networkSecurityGroups/databricks-nsg-data-analytics-portfolio-project-dev",
            "subnet_id": "/subscriptions/f5db8d12-ebce-4e7d-b62c-6e149c62749b/resourceGroups/adb-lakehouse-rg/providers/Microsoft.Network/virtualNetworks/VNET-data-analytics-portfolio-project-dev/subnets/private-subnet-databricks-ws",
            "timeouts": null
          },
          "sensitive_attributes": [],
          "private": "eyJlMmJmYjczMC1lY2FhLTExZTYtOGY4OC0zNDM2M2JjN2M0YzAiOnsiY3JlYXRlIjoxODAwMDAwMDAwMDAwLCJkZWxldGUiOjE4MDAwMDAwMDAwMDAsInJlYWQiOjMwMDAwMDAwMDAwMH19",
          "dependencies": [
            "module.adb-lakehouse-uc-metastore.azurerm_databricks_access_connector.access_connector",
            "module.adb-lakehouse-uc-metastore.azurerm_resource_group.metastore_resource_group",
            "module.adb-lakehouse-uc-metastore.azurerm_role_assignment.unity_catalog",
            "module.adb-lakehouse-uc-metastore.azurerm_storage_account.unity_catalog",
            "module.adb-lakehouse-uc-metastore.azurerm_storage_container.unity_catalog",
            "module.adb-lakehouse-uc-metastore.databricks_metastore.databricks-metastore",
            "module.adb-lakehouse-uc-metastore.databricks_metastore_data_access.access-connector-data-access",
            "module.adb-lakehouse.azurerm_network_security_group.this",
            "module.adb-lakehouse.azurerm_subnet.private",
            "module.adb-lakehouse.azurerm_virtual_network.this",
            "module.adb-lakehouse.data.azurerm_resource_group.this"
          ]
        }
      ]
    },
    {
      "module": "module.adb-lakehouse",
      "mode": "managed",
      "type": "azurerm_subnet_network_security_group_association",
      "name": "public",
      "provider": "provider[\"registry.terraform.io/hashicorp/azurerm\"]",
      "instances": [
        {
          "schema_version": 0,
          "attributes": {
            "id": "/subscriptions/f5db8d12-ebce-4e7d-b62c-6e149c62749b/resourceGroups/adb-lakehouse-rg/providers/Microsoft.Network/virtualNetworks/VNET-data-analytics-portfolio-project-dev/subnets/public-subnet-databricks-ws",
            "network_security_group_id": "/subscriptions/f5db8d12-ebce-4e7d-b62c-6e149c62749b/resourceGroups/adb-lakehouse-rg/providers/Microsoft.Network/networkSecurityGroups/databricks-nsg-data-analytics-portfolio-project-dev",
            "subnet_id": "/subscriptions/f5db8d12-ebce-4e7d-b62c-6e149c62749b/resourceGroups/adb-lakehouse-rg/providers/Microsoft.Network/virtualNetworks/VNET-data-analytics-portfolio-project-dev/subnets/public-subnet-databricks-ws",
            "timeouts": null
          },
          "sensitive_attributes": [],
          "private": "eyJlMmJmYjczMC1lY2FhLTExZTYtOGY4OC0zNDM2M2JjN2M0YzAiOnsiY3JlYXRlIjoxODAwMDAwMDAwMDAwLCJkZWxldGUiOjE4MDAwMDAwMDAwMDAsInJlYWQiOjMwMDAwMDAwMDAwMH19",
          "dependencies": [
            "module.adb-lakehouse-uc-metastore.azurerm_databricks_access_connector.access_connector",
            "module.adb-lakehouse-uc-metastore.azurerm_resource_group.metastore_resource_group",
            "module.adb-lakehouse-uc-metastore.azurerm_role_assignment.unity_catalog",
            "module.adb-lakehouse-uc-metastore.azurerm_storage_account.unity_catalog",
            "module.adb-lakehouse-uc-metastore.azurerm_storage_container.unity_catalog",
            "module.adb-lakehouse-uc-metastore.databricks_metastore.databricks-metastore",
            "module.adb-lakehouse-uc-metastore.databricks_metastore_data_access.access-connector-data-access",
            "module.adb-lakehouse.azurerm_network_security_group.this",
            "module.adb-lakehouse.azurerm_subnet.public",
            "module.adb-lakehouse.azurerm_virtual_network.this",
            "module.adb-lakehouse.data.azurerm_resource_group.this"
          ]
        }
      ]
    },
    {
      "module": "module.adb-lakehouse",
      "mode": "managed",
      "type": "azurerm_subnet_route_table_association",
      "name": "private",
      "provider": "provider[\"registry.terraform.io/hashicorp/azurerm\"]",
      "instances": [
        {
          "schema_version": 0,
          "attributes": {
            "id": "/subscriptions/f5db8d12-ebce-4e7d-b62c-6e149c62749b/resourceGroups/adb-lakehouse-rg/providers/Microsoft.Network/virtualNetworks/VNET-data-analytics-portfolio-project-dev/subnets/private-subnet-databricks-ws",
            "route_table_id": "/subscriptions/f5db8d12-ebce-4e7d-b62c-6e149c62749b/resourceGroups/adb-lakehouse-rg/providers/Microsoft.Network/routeTables/route-table-data-analytics-portfolio-project-dev",
            "subnet_id": "/subscriptions/f5db8d12-ebce-4e7d-b62c-6e149c62749b/resourceGroups/adb-lakehouse-rg/providers/Microsoft.Network/virtualNetworks/VNET-data-analytics-portfolio-project-dev/subnets/private-subnet-databricks-ws",
            "timeouts": null
          },
          "sensitive_attributes": [],
          "private": "eyJlMmJmYjczMC1lY2FhLTExZTYtOGY4OC0zNDM2M2JjN2M0YzAiOnsiY3JlYXRlIjoxODAwMDAwMDAwMDAwLCJkZWxldGUiOjE4MDAwMDAwMDAwMDAsInJlYWQiOjMwMDAwMDAwMDAwMH19",
          "dependencies": [
            "module.adb-lakehouse-uc-metastore.azurerm_databricks_access_connector.access_connector",
            "module.adb-lakehouse-uc-metastore.azurerm_resource_group.metastore_resource_group",
            "module.adb-lakehouse-uc-metastore.azurerm_role_assignment.unity_catalog",
            "module.adb-lakehouse-uc-metastore.azurerm_storage_account.unity_catalog",
            "module.adb-lakehouse-uc-metastore.azurerm_storage_container.unity_catalog",
            "module.adb-lakehouse-uc-metastore.databricks_metastore.databricks-metastore",
            "module.adb-lakehouse-uc-metastore.databricks_metastore_data_access.access-connector-data-access",
            "module.adb-lakehouse.azurerm_route_table.this",
            "module.adb-lakehouse.azurerm_subnet.private",
            "module.adb-lakehouse.azurerm_virtual_network.this",
            "module.adb-lakehouse.data.azurerm_resource_group.this"
          ]
        }
      ]
    },
    {
      "module": "module.adb-lakehouse",
      "mode": "managed",
      "type": "azurerm_subnet_route_table_association",
      "name": "public",
      "provider": "provider[\"registry.terraform.io/hashicorp/azurerm\"]",
      "instances": [
        {
          "schema_version": 0,
          "attributes": {
            "id": "/subscriptions/f5db8d12-ebce-4e7d-b62c-6e149c62749b/resourceGroups/adb-lakehouse-rg/providers/Microsoft.Network/virtualNetworks/VNET-data-analytics-portfolio-project-dev/subnets/public-subnet-databricks-ws",
            "route_table_id": "/subscriptions/f5db8d12-ebce-4e7d-b62c-6e149c62749b/resourceGroups/adb-lakehouse-rg/providers/Microsoft.Network/routeTables/route-table-data-analytics-portfolio-project-dev",
            "subnet_id": "/subscriptions/f5db8d12-ebce-4e7d-b62c-6e149c62749b/resourceGroups/adb-lakehouse-rg/providers/Microsoft.Network/virtualNetworks/VNET-data-analytics-portfolio-project-dev/subnets/public-subnet-databricks-ws",
            "timeouts": null
          },
          "sensitive_attributes": [],
          "private": "eyJlMmJmYjczMC1lY2FhLTExZTYtOGY4OC0zNDM2M2JjN2M0YzAiOnsiY3JlYXRlIjoxODAwMDAwMDAwMDAwLCJkZWxldGUiOjE4MDAwMDAwMDAwMDAsInJlYWQiOjMwMDAwMDAwMDAwMH19",
          "dependencies": [
            "module.adb-lakehouse-uc-metastore.azurerm_databricks_access_connector.access_connector",
            "module.adb-lakehouse-uc-metastore.azurerm_resource_group.metastore_resource_group",
            "module.adb-lakehouse-uc-metastore.azurerm_role_assignment.unity_catalog",
            "module.adb-lakehouse-uc-metastore.azurerm_storage_account.unity_catalog",
            "module.adb-lakehouse-uc-metastore.azurerm_storage_container.unity_catalog",
            "module.adb-lakehouse-uc-metastore.databricks_metastore.databricks-metastore",
            "module.adb-lakehouse-uc-metastore.databricks_metastore_data_access.access-connector-data-access",
            "module.adb-lakehouse.azurerm_route_table.this",
            "module.adb-lakehouse.azurerm_subnet.public",
            "module.adb-lakehouse.azurerm_virtual_network.this",
            "module.adb-lakehouse.data.azurerm_resource_group.this"
          ]
        }
      ]
    },
    {
      "module": "module.adb-lakehouse",
      "mode": "managed",
      "type": "azurerm_virtual_network",
      "name": "this",
      "provider": "provider[\"registry.terraform.io/hashicorp/azurerm\"]",
      "instances": [
        {
          "schema_version": 0,
          "attributes": {
            "address_space": [
              "10.26.1.0/24"
            ],
            "bgp_community": "",
            "ddos_protection_plan": [],
            "dns_servers": [],
            "edge_zone": "",
            "encryption": [],
            "flow_timeout_in_minutes": 0,
            "guid": "d3360fad-92b3-4a50-a692-e983a55e9195",
            "id": "/subscriptions/f5db8d12-ebce-4e7d-b62c-6e149c62749b/resourceGroups/adb-lakehouse-rg/providers/Microsoft.Network/virtualNetworks/VNET-data-analytics-portfolio-project-dev",
            "location": "australiasoutheast",
            "name": "VNET-data-analytics-portfolio-project-dev",
            "resource_group_name": "adb-lakehouse-rg",
            "subnet": [],
            "tags": {
              "project name": "data project"
            },
            "timeouts": null
          },
          "sensitive_attributes": [],
          "private": "eyJlMmJmYjczMC1lY2FhLTExZTYtOGY4OC0zNDM2M2JjN2M0YzAiOnsiY3JlYXRlIjoxODAwMDAwMDAwMDAwLCJkZWxldGUiOjE4MDAwMDAwMDAwMDAsInJlYWQiOjMwMDAwMDAwMDAwMCwidXBkYXRlIjoxODAwMDAwMDAwMDAwfX0=",
          "dependencies": [
            "module.adb-lakehouse-uc-metastore.azurerm_databricks_access_connector.access_connector",
            "module.adb-lakehouse-uc-metastore.azurerm_resource_group.metastore_resource_group",
            "module.adb-lakehouse-uc-metastore.azurerm_role_assignment.unity_catalog",
            "module.adb-lakehouse-uc-metastore.azurerm_storage_account.unity_catalog",
            "module.adb-lakehouse-uc-metastore.azurerm_storage_container.unity_catalog",
            "module.adb-lakehouse-uc-metastore.databricks_metastore.databricks-metastore",
            "module.adb-lakehouse-uc-metastore.databricks_metastore_data_access.access-connector-data-access",
            "module.adb-lakehouse.data.azurerm_resource_group.this"
          ]
        }
      ]
    },
    {
      "module": "module.adb-lakehouse-uc-metastore",
      "mode": "managed",
      "type": "azurerm_databricks_access_connector",
      "name": "access_connector",
      "provider": "provider[\"registry.terraform.io/hashicorp/azurerm\"]",
      "instances": [
        {
          "schema_version": 0,
          "attributes": {
            "id": "/subscriptions/f5db8d12-ebce-4e7d-b62c-6e149c62749b/resourceGroups/adb-uc-metastore-rg/providers/Microsoft.Databricks/accessConnectors/uc-metastore-access-connector",
            "identity": [
              {
                "identity_ids": [],
                "principal_id": "af6fbfea-0fdc-4e12-a96a-f79dfd424631",
                "tenant_id": "81835726-6e9e-4770-8bb6-6c292f2fef3d",
                "type": "SystemAssigned"
              }
            ],
            "location": "australiasoutheast",
            "name": "uc-metastore-access-connector",
            "resource_group_name": "adb-uc-metastore-rg",
            "tags": {},
            "timeouts": null
          },
          "sensitive_attributes": [],
          "private": "eyJlMmJmYjczMC1lY2FhLTExZTYtOGY4OC0zNDM2M2JjN2M0YzAiOnsiY3JlYXRlIjoxODAwMDAwMDAwMDAwLCJkZWxldGUiOjE4MDAwMDAwMDAwMDAsInJlYWQiOjMwMDAwMDAwMDAwMCwidXBkYXRlIjoxODAwMDAwMDAwMDAwfX0=",
          "dependencies": [
            "module.adb-lakehouse-uc-metastore.azurerm_resource_group.metastore_resource_group"
          ]
        }
      ]
    },
    {
      "module": "module.adb-lakehouse-uc-metastore",
      "mode": "managed",
      "type": "azurerm_resource_group",
      "name": "metastore_resource_group",
      "provider": "provider[\"registry.terraform.io/hashicorp/azurerm\"]",
      "instances": [
        {
          "schema_version": 0,
          "attributes": {
            "id": "/subscriptions/f5db8d12-ebce-4e7d-b62c-6e149c62749b/resourceGroups/adb-uc-metastore-rg",
            "location": "australiasoutheast",
            "managed_by": "",
            "name": "adb-uc-metastore-rg",
            "tags": {
              "project name": "data project"
            },
            "timeouts": null
          },
          "sensitive_attributes": [],
          "private": "eyJlMmJmYjczMC1lY2FhLTExZTYtOGY4OC0zNDM2M2JjN2M0YzAiOnsiY3JlYXRlIjo1NDAwMDAwMDAwMDAwLCJkZWxldGUiOjU0MDAwMDAwMDAwMDAsInJlYWQiOjMwMDAwMDAwMDAwMCwidXBkYXRlIjo1NDAwMDAwMDAwMDAwfX0="
        }
      ]
    },
    {
      "module": "module.adb-lakehouse-uc-metastore",
      "mode": "managed",
      "type": "azurerm_role_assignment",
      "name": "unity_catalog",
      "provider": "provider[\"registry.terraform.io/hashicorp/azurerm\"]",
      "instances": [
        {
          "index_key": "EventGrid EventSubscription Contributor",
          "schema_version": 0,
          "attributes": {
            "condition": "",
            "condition_version": "",
            "delegated_managed_identity_resource_id": "",
            "description": "",
            "id": "/subscriptions/f5db8d12-ebce-4e7d-b62c-6e149c62749b/resourceGroups/adb-uc-metastore-rg/providers/Microsoft.Storage/storageAccounts/ucmetastore0101010/providers/Microsoft.Authorization/roleAssignments/ec44a4a5-83a6-c4cc-0120-bc041d3cd9bb",
            "name": "ec44a4a5-83a6-c4cc-0120-bc041d3cd9bb",
            "principal_id": "af6fbfea-0fdc-4e12-a96a-f79dfd424631",
            "principal_type": "ServicePrincipal",
            "role_definition_id": "/subscriptions/f5db8d12-ebce-4e7d-b62c-6e149c62749b/providers/Microsoft.Authorization/roleDefinitions/428e0ff0-5e57-4d9c-a221-2c70d0e0a443",
            "role_definition_name": "EventGrid EventSubscription Contributor",
            "scope": "/subscriptions/f5db8d12-ebce-4e7d-b62c-6e149c62749b/resourceGroups/adb-uc-metastore-rg/providers/Microsoft.Storage/storageAccounts/ucmetastore0101010",
            "skip_service_principal_aad_check": null,
            "timeouts": null
          },
          "sensitive_attributes": [],
          "private": "eyJlMmJmYjczMC1lY2FhLTExZTYtOGY4OC0zNDM2M2JjN2M0YzAiOnsiY3JlYXRlIjoxODAwMDAwMDAwMDAwLCJkZWxldGUiOjE4MDAwMDAwMDAwMDAsInJlYWQiOjMwMDAwMDAwMDAwMH19",
          "dependencies": [
            "module.adb-lakehouse-uc-metastore.azurerm_databricks_access_connector.access_connector",
            "module.adb-lakehouse-uc-metastore.azurerm_resource_group.metastore_resource_group",
            "module.adb-lakehouse-uc-metastore.azurerm_storage_account.unity_catalog"
          ]
        },
        {
          "index_key": "Storage Blob Data Contributor",
          "schema_version": 0,
          "attributes": {
            "condition": "",
            "condition_version": "",
            "delegated_managed_identity_resource_id": "",
            "description": "",
            "id": "/subscriptions/f5db8d12-ebce-4e7d-b62c-6e149c62749b/resourceGroups/adb-uc-metastore-rg/providers/Microsoft.Storage/storageAccounts/ucmetastore0101010/providers/Microsoft.Authorization/roleAssignments/2d7dac70-b0dc-c3c6-e080-7383279d5201",
            "name": "2d7dac70-b0dc-c3c6-e080-7383279d5201",
            "principal_id": "af6fbfea-0fdc-4e12-a96a-f79dfd424631",
            "principal_type": "ServicePrincipal",
            "role_definition_id": "/subscriptions/f5db8d12-ebce-4e7d-b62c-6e149c62749b/providers/Microsoft.Authorization/roleDefinitions/ba92f5b4-2d11-453d-a403-e96b0029c9fe",
            "role_definition_name": "Storage Blob Data Contributor",
            "scope": "/subscriptions/f5db8d12-ebce-4e7d-b62c-6e149c62749b/resourceGroups/adb-uc-metastore-rg/providers/Microsoft.Storage/storageAccounts/ucmetastore0101010",
            "skip_service_principal_aad_check": null,
            "timeouts": null
          },
          "sensitive_attributes": [],
          "private": "eyJlMmJmYjczMC1lY2FhLTExZTYtOGY4OC0zNDM2M2JjN2M0YzAiOnsiY3JlYXRlIjoxODAwMDAwMDAwMDAwLCJkZWxldGUiOjE4MDAwMDAwMDAwMDAsInJlYWQiOjMwMDAwMDAwMDAwMH19",
          "dependencies": [
            "module.adb-lakehouse-uc-metastore.azurerm_databricks_access_connector.access_connector",
            "module.adb-lakehouse-uc-metastore.azurerm_resource_group.metastore_resource_group",
            "module.adb-lakehouse-uc-metastore.azurerm_storage_account.unity_catalog"
          ]
        },
        {
          "index_key": "Storage Queue Data Contributor",
          "schema_version": 0,
          "attributes": {
            "condition": "",
            "condition_version": "",
            "delegated_managed_identity_resource_id": "",
            "description": "",
            "id": "/subscriptions/f5db8d12-ebce-4e7d-b62c-6e149c62749b/resourceGroups/adb-uc-metastore-rg/providers/Microsoft.Storage/storageAccounts/ucmetastore0101010/providers/Microsoft.Authorization/roleAssignments/31661370-2746-0edf-a727-8187ad93d13a",
            "name": "31661370-2746-0edf-a727-8187ad93d13a",
            "principal_id": "af6fbfea-0fdc-4e12-a96a-f79dfd424631",
            "principal_type": "ServicePrincipal",
            "role_definition_id": "/subscriptions/f5db8d12-ebce-4e7d-b62c-6e149c62749b/providers/Microsoft.Authorization/roleDefinitions/974c5e8b-45b9-4653-ba55-5f855dd0fb88",
            "role_definition_name": "Storage Queue Data Contributor",
            "scope": "/subscriptions/f5db8d12-ebce-4e7d-b62c-6e149c62749b/resourceGroups/adb-uc-metastore-rg/providers/Microsoft.Storage/storageAccounts/ucmetastore0101010",
            "skip_service_principal_aad_check": null,
            "timeouts": null
          },
          "sensitive_attributes": [],
          "private": "eyJlMmJmYjczMC1lY2FhLTExZTYtOGY4OC0zNDM2M2JjN2M0YzAiOnsiY3JlYXRlIjoxODAwMDAwMDAwMDAwLCJkZWxldGUiOjE4MDAwMDAwMDAwMDAsInJlYWQiOjMwMDAwMDAwMDAwMH19",
          "dependencies": [
            "module.adb-lakehouse-uc-metastore.azurerm_databricks_access_connector.access_connector",
            "module.adb-lakehouse-uc-metastore.azurerm_resource_group.metastore_resource_group",
            "module.adb-lakehouse-uc-metastore.azurerm_storage_account.unity_catalog"
          ]
        }
      ]
    },
    {
      "module": "module.adb-lakehouse-uc-metastore",
      "mode": "managed",
      "type": "azurerm_storage_account",
      "name": "unity_catalog",
      "provider": "provider[\"registry.terraform.io/hashicorp/azurerm\"]",
      "instances": [
        {
          "schema_version": 4,
          "attributes": {
            "access_tier": "Hot",
            "account_kind": "StorageV2",
            "account_replication_type": "GRS",
            "account_tier": "Standard",
            "allow_nested_items_to_be_public": true,
            "allowed_copy_scope": "",
            "azure_files_authentication": [],
            "blob_properties": [
              {
                "change_feed_enabled": false,
                "change_feed_retention_in_days": 0,
                "container_delete_retention_policy": [],
                "cors_rule": [],
                "default_service_version": "",
                "delete_retention_policy": [],
                "last_access_time_enabled": false,
                "restore_policy": [],
                "versioning_enabled": false
              }
            ],
            "cross_tenant_replication_enabled": false,
            "custom_domain": [],
            "customer_managed_key": [],
            "default_to_oauth_authentication": false,
            "dns_endpoint_type": "Standard",
            "edge_zone": "",
            "https_traffic_only_enabled": true,
            "id": "/subscriptions/f5db8d12-ebce-4e7d-b62c-6e149c62749b/resourceGroups/adb-uc-metastore-rg/providers/Microsoft.Storage/storageAccounts/ucmetastore0101010",
            "identity": [],
            "immutability_policy": [],
            "infrastructure_encryption_enabled": false,
            "is_hns_enabled": true,
            "large_file_share_enabled": false,
            "local_user_enabled": true,
            "location": "australiasoutheast",
            "min_tls_version": "TLS1_2",
            "name": "ucmetastore0101010",
            "network_rules": [],
            "nfsv3_enabled": false,
            "primary_access_key": "1ucb/+1MgBSQVeJmuH2I8NeSGAuY6iXoHmp7M2QHK2JqnHtXN/SBbGpvcNNaN9rVQ9RHgmkLy6Hl+AStJhx2hg==",
            "primary_blob_connection_string": "DefaultEndpointsProtocol=https;BlobEndpoint=https://ucmetastore0101010.blob.core.windows.net/;AccountName=ucmetastore0101010;AccountKey=1ucb/+1MgBSQVeJmuH2I8NeSGAuY6iXoHmp7M2QHK2JqnHtXN/SBbGpvcNNaN9rVQ9RHgmkLy6Hl+AStJhx2hg==",
            "primary_blob_endpoint": "https://ucmetastore0101010.blob.core.windows.net/",
            "primary_blob_host": "ucmetastore0101010.blob.core.windows.net",
            "primary_blob_internet_endpoint": "",
            "primary_blob_internet_host": "",
            "primary_blob_microsoft_endpoint": "",
            "primary_blob_microsoft_host": "",
            "primary_connection_string": "DefaultEndpointsProtocol=https;AccountName=ucmetastore0101010;AccountKey=1ucb/+1MgBSQVeJmuH2I8NeSGAuY6iXoHmp7M2QHK2JqnHtXN/SBbGpvcNNaN9rVQ9RHgmkLy6Hl+AStJhx2hg==;EndpointSuffix=core.windows.net",
            "primary_dfs_endpoint": "https://ucmetastore0101010.dfs.core.windows.net/",
            "primary_dfs_host": "ucmetastore0101010.dfs.core.windows.net",
            "primary_dfs_internet_endpoint": "",
            "primary_dfs_internet_host": "",
            "primary_dfs_microsoft_endpoint": "",
            "primary_dfs_microsoft_host": "",
            "primary_file_endpoint": "https://ucmetastore0101010.file.core.windows.net/",
            "primary_file_host": "ucmetastore0101010.file.core.windows.net",
            "primary_file_internet_endpoint": "",
            "primary_file_internet_host": "",
            "primary_file_microsoft_endpoint": "",
            "primary_file_microsoft_host": "",
            "primary_location": "australiasoutheast",
            "primary_queue_endpoint": "https://ucmetastore0101010.queue.core.windows.net/",
            "primary_queue_host": "ucmetastore0101010.queue.core.windows.net",
            "primary_queue_microsoft_endpoint": "",
            "primary_queue_microsoft_host": "",
            "primary_table_endpoint": "https://ucmetastore0101010.table.core.windows.net/",
            "primary_table_host": "ucmetastore0101010.table.core.windows.net",
            "primary_table_microsoft_endpoint": "",
            "primary_table_microsoft_host": "",
            "primary_web_endpoint": "https://ucmetastore0101010.z26.web.core.windows.net/",
            "primary_web_host": "ucmetastore0101010.z26.web.core.windows.net",
            "primary_web_internet_endpoint": "",
            "primary_web_internet_host": "",
            "primary_web_microsoft_endpoint": "",
            "primary_web_microsoft_host": "",
            "public_network_access_enabled": true,
            "queue_encryption_key_type": "Service",
            "queue_properties": [
              {
                "cors_rule": [],
                "hour_metrics": [
                  {
                    "enabled": true,
                    "include_apis": true,
                    "retention_policy_days": 7,
                    "version": "1.0"
                  }
                ],
                "logging": [
                  {
                    "delete": false,
                    "read": false,
                    "retention_policy_days": 0,
                    "version": "1.0",
                    "write": false
                  }
                ],
                "minute_metrics": [
                  {
                    "enabled": false,
                    "include_apis": false,
                    "retention_policy_days": 0,
                    "version": "1.0"
                  }
                ]
              }
            ],
            "resource_group_name": "adb-uc-metastore-rg",
            "routing": [],
            "sas_policy": [],
            "secondary_access_key": "LMmIiPgGRgR8K3hqNVehNwJlVG/Enb/yVMmC4UpUOFzJ2SI2En6/lHTIK7sKo5KYjIKHt786+KVp+AStLLIvQA==",
            "secondary_blob_connection_string": "",
            "secondary_blob_endpoint": "",
            "secondary_blob_host": "",
            "secondary_blob_internet_endpoint": "",
            "secondary_blob_internet_host": "",
            "secondary_blob_microsoft_endpoint": "",
            "secondary_blob_microsoft_host": "",
            "secondary_connection_string": "DefaultEndpointsProtocol=https;AccountName=ucmetastore0101010;AccountKey=LMmIiPgGRgR8K3hqNVehNwJlVG/Enb/yVMmC4UpUOFzJ2SI2En6/lHTIK7sKo5KYjIKHt786+KVp+AStLLIvQA==;EndpointSuffix=core.windows.net",
            "secondary_dfs_endpoint": "",
            "secondary_dfs_host": "",
            "secondary_dfs_internet_endpoint": "",
            "secondary_dfs_internet_host": "",
            "secondary_dfs_microsoft_endpoint": "",
            "secondary_dfs_microsoft_host": "",
            "secondary_file_endpoint": "",
            "secondary_file_host": "",
            "secondary_file_internet_endpoint": "",
            "secondary_file_internet_host": "",
            "secondary_file_microsoft_endpoint": "",
            "secondary_file_microsoft_host": "",
            "secondary_location": "australiaeast",
            "secondary_queue_endpoint": "",
            "secondary_queue_host": "",
            "secondary_queue_microsoft_endpoint": "",
            "secondary_queue_microsoft_host": "",
            "secondary_table_endpoint": "",
            "secondary_table_host": "",
            "secondary_table_microsoft_endpoint": "",
            "secondary_table_microsoft_host": "",
            "secondary_web_endpoint": "",
            "secondary_web_host": "",
            "secondary_web_internet_endpoint": "",
            "secondary_web_internet_host": "",
            "secondary_web_microsoft_endpoint": "",
            "secondary_web_microsoft_host": "",
            "sftp_enabled": false,
            "share_properties": [
              {
                "cors_rule": [],
                "retention_policy": [
                  {
                    "days": 7
                  }
                ],
                "smb": []
              }
            ],
            "shared_access_key_enabled": true,
            "static_website": [],
            "table_encryption_key_type": "Service",
            "tags": {
              "project name": "data project"
            },
            "timeouts": null
          },
          "sensitive_attributes": [
            [
              {
                "type": "get_attr",
                "value": "primary_blob_connection_string"
              }
            ],
            [
              {
                "type": "get_attr",
                "value": "secondary_connection_string"
              }
            ],
            [
              {
                "type": "get_attr",
                "value": "secondary_blob_connection_string"
              }
            ],
            [
              {
                "type": "get_attr",
                "value": "primary_connection_string"
              }
            ],
            [
              {
                "type": "get_attr",
                "value": "primary_access_key"
              }
            ],
            [
              {
                "type": "get_attr",
                "value": "secondary_access_key"
              }
            ]
          ],
          "private": "eyJlMmJmYjczMC1lY2FhLTExZTYtOGY4OC0zNDM2M2JjN2M0YzAiOnsiY3JlYXRlIjozNjAwMDAwMDAwMDAwLCJkZWxldGUiOjM2MDAwMDAwMDAwMDAsInJlYWQiOjMwMDAwMDAwMDAwMCwidXBkYXRlIjozNjAwMDAwMDAwMDAwfSwic2NoZW1hX3ZlcnNpb24iOiI0In0=",
          "dependencies": [
            "module.adb-lakehouse-uc-metastore.azurerm_resource_group.metastore_resource_group"
          ]
        }
      ]
    },
    {
      "module": "module.adb-lakehouse-uc-metastore",
      "mode": "managed",
      "type": "azurerm_storage_container",
      "name": "unity_catalog",
      "provider": "provider[\"registry.terraform.io/hashicorp/azurerm\"]",
      "instances": [
        {
          "schema_version": 1,
          "attributes": {
            "container_access_type": "private",
            "default_encryption_scope": "$account-encryption-key",
            "encryption_scope_override_enabled": true,
            "has_immutability_policy": false,
            "has_legal_hold": false,
            "id": "https://ucmetastore0101010.blob.core.windows.net/ucmetastore0101010-container",
            "metadata": {},
            "name": "ucmetastore0101010-container",
            "resource_manager_id": "/subscriptions/f5db8d12-ebce-4e7d-b62c-6e149c62749b/resourceGroups/adb-uc-metastore-rg/providers/Microsoft.Storage/storageAccounts/ucmetastore0101010/blobServices/default/containers/ucmetastore0101010-container",
            "storage_account_name": "ucmetastore0101010",
            "timeouts": null
          },
          "sensitive_attributes": [],
          "private": "eyJlMmJmYjczMC1lY2FhLTExZTYtOGY4OC0zNDM2M2JjN2M0YzAiOnsiY3JlYXRlIjoxODAwMDAwMDAwMDAwLCJkZWxldGUiOjE4MDAwMDAwMDAwMDAsInJlYWQiOjMwMDAwMDAwMDAwMCwidXBkYXRlIjoxODAwMDAwMDAwMDAwfSwic2NoZW1hX3ZlcnNpb24iOiIxIn0=",
          "dependencies": [
            "module.adb-lakehouse-uc-metastore.azurerm_resource_group.metastore_resource_group",
            "module.adb-lakehouse-uc-metastore.azurerm_storage_account.unity_catalog"
          ]
        }
      ]
    },
    {
      "module": "module.adb-lakehouse-uc-metastore",
      "mode": "managed",
      "type": "databricks_metastore",
      "name": "databricks-metastore",
      "provider": "provider[\"registry.terraform.io/databricks/databricks\"].account",
      "instances": [
        {
          "schema_version": 0,
          "attributes": {
            "cloud": "azure",
            "created_at": 1728769956505,
            "created_by": "gowri1234_outlook.co.nz#ext#@gowri1234outlookco.onmicrosoft.com",
            "default_data_access_config_id": null,
            "delta_sharing_organization_name": null,
            "delta_sharing_recipient_token_lifetime_in_seconds": 0,
            "delta_sharing_scope": "INTERNAL",
            "force_destroy": true,
            "global_metastore_id": "azure:australiasoutheast:76a87391-98d6-44f3-a34b-0d3cfe9ffca2",
            "id": "76a87391-98d6-44f3-a34b-0d3cfe9ffca2",
            "metastore_id": "76a87391-98d6-44f3-a34b-0d3cfe9ffca2",
            "name": "uc-metastore",
            "owner": "gowri1234_outlook.co.nz#ext#@gowri1234outlookco.onmicrosoft.com",
            "region": "australiasoutheast",
            "storage_root": "abfss://ucmetastore0101010-container@ucmetastore0101010.dfs.core.windows.net/76a87391-98d6-44f3-a34b-0d3cfe9ffca2",
            "storage_root_credential_id": null,
            "updated_at": 1728769963365,
            "updated_by": "gowri1234_outlook.co.nz#ext#@gowri1234outlookco.onmicrosoft.com"
          },
          "sensitive_attributes": [],
          "private": "bnVsbA==",
          "dependencies": [
            "module.adb-lakehouse-uc-metastore.azurerm_resource_group.metastore_resource_group",
            "module.adb-lakehouse-uc-metastore.azurerm_storage_account.unity_catalog",
            "module.adb-lakehouse-uc-metastore.azurerm_storage_container.unity_catalog"
          ]
        }
      ]
    },
    {
      "module": "module.adb-lakehouse-uc-metastore",
      "mode": "managed",
      "type": "databricks_metastore_data_access",
      "name": "access-connector-data-access",
      "provider": "provider[\"registry.terraform.io/databricks/databricks\"].account",
      "instances": [
        {
          "schema_version": 1,
          "attributes": {
            "aws_iam_role": [],
            "azure_managed_identity": [
              {
                "access_connector_id": "/subscriptions/f5db8d12-ebce-4e7d-b62c-6e149c62749b/resourceGroups/adb-uc-metastore-rg/providers/Microsoft.Databricks/accessConnectors/uc-metastore-access-connector",
                "credential_id": "60dc9efa-b8ed-4216-bb76-1a65173a3d32",
                "managed_identity_id": ""
              }
            ],
            "azure_service_principal": [],
            "cloudflare_api_token": [],
            "comment": null,
            "databricks_gcp_service_account": [],
            "force_destroy": true,
            "force_update": null,
            "gcp_service_account_key": [],
            "id": "76a87391-98d6-44f3-a34b-0d3cfe9ffca2|uc-metastore-access-connector",
            "is_default": true,
            "isolation_mode": "ISOLATION_MODE_OPEN",
            "metastore_id": "76a87391-98d6-44f3-a34b-0d3cfe9ffca2",
            "name": "uc-metastore-access-connector",
            "owner": "gowri1234_outlook.co.nz#ext#@gowri1234outlookco.onmicrosoft.com",
            "read_only": false,
            "skip_validation": null
          },
          "sensitive_attributes": [],
          "private": "eyJzY2hlbWFfdmVyc2lvbiI6IjEifQ==",
          "dependencies": [
            "module.adb-lakehouse-uc-metastore.azurerm_databricks_access_connector.access_connector",
            "module.adb-lakehouse-uc-metastore.azurerm_resource_group.metastore_resource_group",
            "module.adb-lakehouse-uc-metastore.azurerm_storage_account.unity_catalog",
            "module.adb-lakehouse-uc-metastore.azurerm_storage_container.unity_catalog",
            "module.adb-lakehouse-uc-metastore.databricks_metastore.databricks-metastore"
          ]
        }
      ]
    }
  ],
  "check_results": null
}
